
Microsoft Visual Studio Solution File, Format Version 12.00
# Visual Studio Version 17
VisualStudioVersion = 17.0.31903.59
MinimumVisualStudioVersion = 10.0.40219.1
Project("{FAE04EC0-301F-11D3-BF4B-00C04F79EFBC}") = "FECS", "FECS\FECS.csproj", "{28174852-0635-4624-B641-AAB5C478EFA4}"
EndProject
Project("{FAE04EC0-301F-11D3-BF4B-00C04F79EFBC}") = "FECS.Tests", "FECS.Tests\FECS.Tests.csproj", "{13DF934C-4D6F-4B72-8E42-6CA6051AD052}"
EndProject
Project("{FAE04EC0-301F-11D3-BF4B-00C04F79EFBC}") = "FECS.Benchmarks", "FECS.Benchmarks\FECS.Benchmarks.csproj", "{DCF5DD28-C639-4904-9F7E-A3C9B2525DCF}"
EndProject
Global
	GlobalSection(SolutionConfigurationPlatforms) = preSolution
		Debug|Any CPU = Debug|Any CPU
		Debug|x64 = Debug|x64
		Debug|x86 = Debug|x86
		Release|Any CPU = Release|Any CPU
		Release|x64 = Release|x64
		Release|x86 = Release|x86
	EndGlobalSection
	GlobalSection(ProjectConfigurationPlatforms) = postSolution
		{28174852-0635-4624-B641-AAB5C478EFA4}.Debug|Any CPU.ActiveCfg = Debug|Any CPU
		{28174852-0635-4624-B641-AAB5C478EFA4}.Debug|Any CPU.Build.0 = Debug|Any CPU
		{28174852-0635-4624-B641-AAB5C478EFA4}.Debug|x64.ActiveCfg = Debug|Any CPU
		{28174852-0635-4624-B641-AAB5C478EFA4}.Debug|x64.Build.0 = Debug|Any CPU
		{28174852-0635-4624-B641-AAB5C478EFA4}.Debug|x86.ActiveCfg = Debug|Any CPU
		{28174852-0635-4624-B641-AAB5C478EFA4}.Debug|x86.Build.0 = Debug|Any CPU
		{28174852-0635-4624-B641-AAB5C478EFA4}.Release|Any CPU.ActiveCfg = Release|Any CPU
		{28174852-0635-4624-B641-AAB5C478EFA4}.Release|Any CPU.Build.0 = Release|Any CPU
		{28174852-0635-4624-B641-AAB5C478EFA4}.Release|x64.ActiveCfg = Release|Any CPU
		{28174852-0635-4624-B641-AAB5C478EFA4}.Release|x64.Build.0 = Release|Any CPU
		{28174852-0635-4624-B641-AAB5C478EFA4}.Release|x86.ActiveCfg = Release|Any CPU
		{28174852-0635-4624-B641-AAB5C478EFA4}.Release|x86.Build.0 = Release|Any CPU
		{13DF934C-4D6F-4B72-8E42-6CA6051AD052}.Debug|Any CPU.ActiveCfg = Debug|Any CPU
		{13DF934C-4D6F-4B72-8E42-6CA6051AD052}.Debug|Any CPU.Build.0 = Debug|Any CPU
		{13DF934C-4D6F-4B72-8E42-6CA6051AD052}.Debug|x64.ActiveCfg = Debug|Any CPU
		{13DF934C-4D6F-4B72-8E42-6CA6051AD052}.Debug|x64.Build.0 = Debug|Any CPU
		{13DF934C-4D6F-4B72-8E42-6CA6051AD052}.Debug|x86.ActiveCfg = Debug|Any CPU
		{13DF934C-4D6F-4B72-8E42-6CA6051AD052}.Debug|x86.Build.0 = Debug|Any CPU
		{13DF934C-4D6F-4B72-8E42-6CA6051AD052}.Release|Any CPU.ActiveCfg = Release|Any CPU
		{13DF934C-4D6F-4B72-8E42-6CA6051AD052}.Release|Any CPU.Build.0 = Release|Any CPU
		{13DF934C-4D6F-4B72-8E42-6CA6051AD052}.Release|x64.ActiveCfg = Release|Any CPU
		{13DF934C-4D6F-4B72-8E42-6CA6051AD052}.Release|x64.Build.0 = Release|Any CPU
		{13DF934C-4D6F-4B72-8E42-6CA6051AD052}.Release|x86.ActiveCfg = Release|Any CPU
		{13DF934C-4D6F-4B72-8E42-6CA6051AD052}.Release|x86.Build.0 = Release|Any CPU
		{DCF5DD28-C639-4904-9F7E-A3C9B2525DCF}.Debug|Any CPU.ActiveCfg = Debug|Any CPU
		{DCF5DD28-C639-4904-9F7E-A3C9B2525DCF}.Debug|Any CPU.Build.0 = Debug|Any CPU
		{DCF5DD28-C639-4904-9F7E-A3C9B2525DCF}.Debug|x64.ActiveCfg = Debug|Any CPU
		{DCF5DD28-C639-4904-9F7E-A3C9B2525DCF}.Debug|x64.Build.0 = Debug|Any CPU
		{DCF5DD28-C639-4904-9F7E-A3C9B2525DCF}.Debug|x86.ActiveCfg = Debug|Any CPU
		{DCF5DD28-C639-4904-9F7E-A3C9B2525DCF}.Debug|x86.Build.0 = Debug|Any CPU
		{DCF5DD28-C639-4904-9F7E-A3C9B2525DCF}.Release|Any CPU.ActiveCfg = Release|Any CPU
		{DCF5DD28-C639-4904-9F7E-A3C9B2525DCF}.Release|Any CPU.Build.0 = Release|Any CPU
		{DCF5DD28-C639-4904-9F7E-A3C9B2525DCF}.Release|x64.ActiveCfg = Release|Any CPU
		{DCF5DD28-C639-4904-9F7E-A3C9B2525DCF}.Release|x64.Build.0 = Release|Any CPU
		{DCF5DD28-C639-4904-9F7E-A3C9B2525DCF}.Release|x86.ActiveCfg = Release|Any CPU
		{DCF5DD28-C639-4904-9F7E-A3C9B2525DCF}.Release|x86.Build.0 = Release|Any CPU
	EndGlobalSection
	GlobalSection(SolutionProperties) = preSolution
		HideSolutionNode = FALSE
	EndGlobalSection
EndGlobal
